// !$*UTF8*$!
{
	archiveVersion = 1;
	classes = {
	};
	objectVersion = 46;
	objects = {

/* Begin PBXBuildFile section */
		D07A2BE91B504E6D0033267D /* create_rtable.C in Sources */ = {isa = PBXBuildFile; fileRef = D07A2BE81B504E6D0033267D /* create_rtable.C */; };
		D07A2BF51B504F340033267D /* OpenCL.framework in Frameworks */ = {isa = PBXBuildFile; fileRef = D07A2BF41B504F340033267D /* OpenCL.framework */; };
		D07A2BF91B5067860033267D /* Helper.cpp in Sources */ = {isa = PBXBuildFile; fileRef = D07A2BF71B5067860033267D /* Helper.cpp */; };
		D0B2FCA91B534834000CA1F2 /* RunExperiment.cl in Sources */ = {isa = PBXBuildFile; fileRef = D0B2FCA81B534834000CA1F2 /* RunExperiment.cl */; };
		D0D48F4F1B52F0530028F9E3 /* VectorAdd.cl in Sources */ = {isa = PBXBuildFile; fileRef = D0D48F4E1B52F0530028F9E3 /* VectorAdd.cl */; };
/* End PBXBuildFile section */

/* Begin PBXCopyFilesBuildPhase section */
		D07A2BDC1B504E580033267D /* CopyFiles */ = {
			isa = PBXCopyFilesBuildPhase;
			buildActionMask = 2147483647;
			dstPath = /usr/share/man/man1/;
			dstSubfolderSpec = 0;
			files = (
			);
			runOnlyForDeploymentPostprocessing = 1;
		};
/* End PBXCopyFilesBuildPhase section */

/* Begin PBXFileReference section */
		D07A2BDE1B504E580033267D /* LikelihoodAnalysis */ = {isa = PBXFileReference; explicitFileType = "compiled.mach-o.executable"; includeInIndex = 0; path = LikelihoodAnalysis; sourceTree = BUILT_PRODUCTS_DIR; };
		D07A2BE11B504E580033267D /* main.cpp */ = {isa = PBXFileReference; lastKnownFileType = sourcecode.cpp.cpp; path = main.cpp; sourceTree = "<group>"; };
		D07A2BE81B504E6D0033267D /* create_rtable.C */ = {isa = PBXFileReference; fileEncoding = 4; lastKnownFileType = sourcecode.cpp.cpp; path = create_rtable.C; sourceTree = "<group>"; };
		D07A2BEA1B504E7C0033267D /* lmu.h */ = {isa = PBXFileReference; fileEncoding = 4; lastKnownFileType = sourcecode.c.h; path = lmu.h; sourceTree = "<group>"; };
		D07A2BEB1B504E860033267D /* pseudo_experiment.h */ = {isa = PBXFileReference; fileEncoding = 4; lastKnownFileType = sourcecode.c.h; path = pseudo_experiment.h; sourceTree = "<group>"; };
		D07A2BEC1B504E930033267D /* sens.C */ = {isa = PBXFileReference; fileEncoding = 4; lastKnownFileType = sourcecode.cpp.cpp; path = sens.C; sourceTree = "<group>"; };
		D07A2BF41B504F340033267D /* OpenCL.framework */ = {isa = PBXFileReference; lastKnownFileType = wrapper.framework; path = OpenCL.framework; sourceTree = "<group>"; };
		D07A2BF61B505A460033267D /* pdf_result_mle.root */ = {isa = PBXFileReference; lastKnownFileType = file; path = pdf_result_mle.root; sourceTree = "<group>"; };
		D07A2BF71B5067860033267D /* Helper.cpp */ = {isa = PBXFileReference; fileEncoding = 4; lastKnownFileType = sourcecode.cpp.cpp; path = Helper.cpp; sourceTree = "<group>"; };
		D07A2BF81B5067860033267D /* Helper.h */ = {isa = PBXFileReference; fileEncoding = 4; lastKnownFileType = sourcecode.c.h; path = Helper.h; sourceTree = "<group>"; };
		D0B2FCA81B534834000CA1F2 /* RunExperiment.cl */ = {isa = PBXFileReference; fileEncoding = 4; lastKnownFileType = sourcecode.opencl; path = RunExperiment.cl; sourceTree = "<group>"; };
		D0D48F4E1B52F0530028F9E3 /* VectorAdd.cl */ = {isa = PBXFileReference; fileEncoding = 4; lastKnownFileType = sourcecode.opencl; path = VectorAdd.cl; sourceTree = "<group>"; };
/* End PBXFileReference section */

/* Begin PBXFrameworksBuildPhase section */
		D07A2BDB1B504E580033267D /* Frameworks */ = {
			isa = PBXFrameworksBuildPhase;
			buildActionMask = 2147483647;
			files = (
				D07A2BF51B504F340033267D /* OpenCL.framework in Frameworks */,
			);
			runOnlyForDeploymentPostprocessing = 0;
		};
/* End PBXFrameworksBuildPhase section */

/* Begin PBXGroup section */
		D07A2BD51B504E580033267D = {
			isa = PBXGroup;
			children = (
				D07A2BF61B505A460033267D /* pdf_result_mle.root */,
				D07A2BF41B504F340033267D /* OpenCL.framework */,
				D07A2BE01B504E580033267D /* LikelihoodAnalysis */,
				D07A2BDF1B504E580033267D /* Products */,
			);
			sourceTree = "<group>";
		};
		D07A2BDF1B504E580033267D /* Products */ = {
			isa = PBXGroup;
			children = (
				D07A2BDE1B504E580033267D /* LikelihoodAnalysis */,
			);
			name = Products;
			sourceTree = "<group>";
		};
		D07A2BE01B504E580033267D /* LikelihoodAnalysis */ = {
			isa = PBXGroup;
			children = (
				D07A2BEB1B504E860033267D /* pseudo_experiment.h */,
				D07A2BF71B5067860033267D /* Helper.cpp */,
				D0D48F4E1B52F0530028F9E3 /* VectorAdd.cl */,
				D0B2FCA81B534834000CA1F2 /* RunExperiment.cl */,
				D07A2BF81B5067860033267D /* Helper.h */,
				D07A2BEA1B504E7C0033267D /* lmu.h */,
				D07A2BE81B504E6D0033267D /* create_rtable.C */,
				D07A2BEC1B504E930033267D /* sens.C */,
				D07A2BE11B504E580033267D /* main.cpp */,
			);
			path = LikelihoodAnalysis;
			sourceTree = "<group>";
		};
/* End PBXGroup section */

/* Begin PBXLegacyTarget section */
		D07A2BEE1B504EED0033267D /* StartROOT */ = {
			isa = PBXLegacyTarget;
			buildArgumentsString = "$(ACTION)";
			buildConfigurationList = D07A2BEF1B504EED0033267D /* Build configuration list for PBXLegacyTarget "StartROOT" */;
			buildPhases = (
			);
			buildToolPath = "/Users/usmjonathanmiller/Dropbox/CubeClassifier/env-shell.sh";
			dependencies = (
			);
			name = StartROOT;
			passBuildSettingsInEnvironment = 1;
			productName = StartROOT;
		};
/* End PBXLegacyTarget section */

/* Begin PBXNativeTarget section */
		D07A2BDD1B504E580033267D /* LikelihoodAnalysis */ = {
			isa = PBXNativeTarget;
			buildConfigurationList = D07A2BE51B504E580033267D /* Build configuration list for PBXNativeTarget "LikelihoodAnalysis" */;
			buildPhases = (
				D07A2BDA1B504E580033267D /* Sources */,
				D07A2BDB1B504E580033267D /* Frameworks */,
				D07A2BDC1B504E580033267D /* CopyFiles */,
			);
			buildRules = (
			);
			dependencies = (
			);
			name = LikelihoodAnalysis;
			productName = LikelihoodAnalysis;
			productReference = D07A2BDE1B504E580033267D /* LikelihoodAnalysis */;
			productType = "com.apple.product-type.tool";
		};
/* End PBXNativeTarget section */

/* Begin PBXProject section */
		D07A2BD61B504E580033267D /* Project object */ = {
			isa = PBXProject;
			attributes = {
				LastUpgradeCheck = 0620;
				ORGANIZATIONNAME = "Jonathan Miller";
				TargetAttributes = {
					D07A2BDD1B504E580033267D = {
						CreatedOnToolsVersion = 6.2;
					};
					D07A2BEE1B504EED0033267D = {
						CreatedOnToolsVersion = 6.2;
					};
				};
			};
			buildConfigurationList = D07A2BD91B504E580033267D /* Build configuration list for PBXProject "LikelihoodAnalysis" */;
			compatibilityVersion = "Xcode 3.2";
			developmentRegion = English;
			hasScannedForEncodings = 0;
			knownRegions = (
				en,
			);
			mainGroup = D07A2BD51B504E580033267D;
			productRefGroup = D07A2BDF1B504E580033267D /* Products */;
			projectDirPath = "";
			projectRoot = "";
			targets = (
				D07A2BDD1B504E580033267D /* LikelihoodAnalysis */,
				D07A2BEE1B504EED0033267D /* StartROOT */,
			);
		};
/* End PBXProject section */

/* Begin PBXSourcesBuildPhase section */
		D07A2BDA1B504E580033267D /* Sources */ = {
			isa = PBXSourcesBuildPhase;
			buildActionMask = 2147483647;
			files = (
				D07A2BE91B504E6D0033267D /* create_rtable.C in Sources */,
				D0D48F4F1B52F0530028F9E3 /* VectorAdd.cl in Sources */,
				D07A2BF91B5067860033267D /* Helper.cpp in Sources */,
				D0B2FCA91B534834000CA1F2 /* RunExperiment.cl in Sources */,
			);
			runOnlyForDeploymentPostprocessing = 0;
		};
/* End PBXSourcesBuildPhase section */

/* Begin XCBuildConfiguration section */
		D07A2BE31B504E580033267D /* Debug */ = {
			isa = XCBuildConfiguration;
			buildSettings = {
				ALWAYS_SEARCH_USER_PATHS = NO;
				CLANG_CXX_LANGUAGE_STANDARD = "gnu++0x";
				CLANG_CXX_LIBRARY = "libc++";
				CLANG_ENABLE_MODULES = YES;
				CLANG_ENABLE_OBJC_ARC = YES;
				CLANG_WARN_BOOL_CONVERSION = YES;
				CLANG_WARN_CONSTANT_CONVERSION = YES;
				CLANG_WARN_DIRECT_OBJC_ISA_USAGE = YES_ERROR;
				CLANG_WARN_EMPTY_BODY = YES;
				CLANG_WARN_ENUM_CONVERSION = YES;
				CLANG_WARN_INT_CONVERSION = YES;
				CLANG_WARN_OBJC_ROOT_CLASS = YES_ERROR;
				CLANG_WARN_UNREACHABLE_CODE = YES;
				CLANG_WARN__DUPLICATE_METHOD_MATCH = YES;
				COPY_PHASE_STRIP = NO;
				ENABLE_STRICT_OBJC_MSGSEND = YES;
				GCC_C_LANGUAGE_STANDARD = gnu99;
				GCC_DYNAMIC_NO_PIC = NO;
				GCC_OPTIMIZATION_LEVEL = 0;
				GCC_PREPROCESSOR_DEFINITIONS = (
					"DEBUG=1",
					"$(inherited)",
				);
				GCC_SYMBOLS_PRIVATE_EXTERN = NO;
				GCC_WARN_64_TO_32_BIT_CONVERSION = YES;
				GCC_WARN_ABOUT_RETURN_TYPE = YES_ERROR;
				GCC_WARN_UNDECLARED_SELECTOR = YES;
				GCC_WARN_UNINITIALIZED_AUTOS = YES_AGGRESSIVE;
				GCC_WARN_UNUSED_FUNCTION = YES;
				GCC_WARN_UNUSED_VARIABLE = YES;
				MACOSX_DEPLOYMENT_TARGET = 10.9;
				MTL_ENABLE_DEBUG_INFO = YES;
				ONLY_ACTIVE_ARCH = YES;
				SDKROOT = macosx;
			};
			name = Debug;
		};
		D07A2BE41B504E580033267D /* Release */ = {
			isa = XCBuildConfiguration;
			buildSettings = {
				ALWAYS_SEARCH_USER_PATHS = NO;
				CLANG_CXX_LANGUAGE_STANDARD = "gnu++0x";
				CLANG_CXX_LIBRARY = "libc++";
				CLANG_ENABLE_MODULES = YES;
				CLANG_ENABLE_OBJC_ARC = YES;
				CLANG_WARN_BOOL_CONVERSION = YES;
				CLANG_WARN_CONSTANT_CONVERSION = YES;
				CLANG_WARN_DIRECT_OBJC_ISA_USAGE = YES_ERROR;
				CLANG_WARN_EMPTY_BODY = YES;
				CLANG_WARN_ENUM_CONVERSION = YES;
				CLANG_WARN_INT_CONVERSION = YES;
				CLANG_WARN_OBJC_ROOT_CLASS = YES_ERROR;
				CLANG_WARN_UNREACHABLE_CODE = YES;
				CLANG_WARN__DUPLICATE_METHOD_MATCH = YES;
				COPY_PHASE_STRIP = NO;
				DEBUG_INFORMATION_FORMAT = "dwarf-with-dsym";
				ENABLE_NS_ASSERTIONS = NO;
				ENABLE_STRICT_OBJC_MSGSEND = YES;
				GCC_C_LANGUAGE_STANDARD = gnu99;
				GCC_WARN_64_TO_32_BIT_CONVERSION = YES;
				GCC_WARN_ABOUT_RETURN_TYPE = YES_ERROR;
				GCC_WARN_UNDECLARED_SELECTOR = YES;
				GCC_WARN_UNINITIALIZED_AUTOS = YES_AGGRESSIVE;
				GCC_WARN_UNUSED_FUNCTION = YES;
				GCC_WARN_UNUSED_VARIABLE = YES;
				MACOSX_DEPLOYMENT_TARGET = 10.9;
				MTL_ENABLE_DEBUG_INFO = NO;
				SDKROOT = macosx;
			};
			name = Release;
		};
		D07A2BE61B504E580033267D /* Debug */ = {
			isa = XCBuildConfiguration;
			buildSettings = {
				FRAMEWORK_SEARCH_PATHS = (
					"$(inherited)",
					"$(PROJECT_DIR)",
				);
				HEADER_SEARCH_PATHS = (
					"$(inherited)",
					/Applications/Xcode.app/Contents/Developer/Toolchains/XcodeDefault.xctoolchain/usr/include,
					/usr/local/Cellar/root/5.34.26/include/root,
				);
				LD_RUNPATH_SEARCH_PATHS = /usr/local/Cellar/root/5.34.26;
				LIBRARY_SEARCH_PATHS = "/usr/local/Cellar/root/5.34.26/lib/**";
				OTHER_LDFLAGS = (
					"-lGui",
					"-lCore",
					"-lCint",
					"-lRIO",
					"-lNet",
					"-lHist",
					"-lGraf",
					"-lGraf3d",
					"-lGpad",
					"-lTree",
					"-lRint",
					"-lPostscript",
					"-lMatrix",
					"-lPhysics",
					"-lMathCore",
					"-lThread",
					"-lpthread",
					"-lm",
					"-ldl",
				);
				PRODUCT_NAME = "$(TARGET_NAME)";
			};
			name = Debug;
		};
		D07A2BE71B504E580033267D /* Release */ = {
			isa = XCBuildConfiguration;
			buildSettings = {
				FRAMEWORK_SEARCH_PATHS = (
					"$(inherited)",
					"$(PROJECT_DIR)",
				);
				HEADER_SEARCH_PATHS = (
					"$(inherited)",
					/Applications/Xcode.app/Contents/Developer/Toolchains/XcodeDefault.xctoolchain/usr/include,
					/usr/local/Cellar/root/5.34.26/include/root,
				);
				LD_RUNPATH_SEARCH_PATHS = /usr/local/Cellar/root/5.34.26;
				LIBRARY_SEARCH_PATHS = "/usr/local/Cellar/root/5.34.26/lib/**";
				OTHER_LDFLAGS = (
					"-lGui",
					"-lCore",
					"-lCint",
					"-lRIO",
					"-lNet",
					"-lHist",
					"-lGraf",
					"-lGraf3d",
					"-lGpad",
					"-lTree",
					"-lRint",
					"-lPostscript",
					"-lMatrix",
					"-lPhysics",
					"-lMathCore",
					"-lThread",
					"-lpthread",
					"-lm",
					"-ldl",
				);
				PRODUCT_NAME = "$(TARGET_NAME)";
			};
			name = Release;
		};
		D07A2BF01B504EED0033267D /* Debug */ = {
			isa = XCBuildConfiguration;
			buildSettings = {
				DEBUGGING_SYMBOLS = YES;
				GCC_GENERATE_DEBUGGING_SYMBOLS = YES;
				GCC_OPTIMIZATION_LEVEL = 0;
				GCC_PREPROCESSOR_DEFINITIONS = (
					"DEBUG=1",
					"$(inherited)",
				);
				OTHER_CFLAGS = "";
				OTHER_LDFLAGS = "";
				PRODUCT_NAME = "$(TARGET_NAME)";
			};
			name = Debug;
		};
		D07A2BF11B504EED0033267D /* Release */ = {
			isa = XCBuildConfiguration;
			buildSettings = {
				OTHER_CFLAGS = "";
				OTHER_LDFLAGS = "";
				PRODUCT_NAME = "$(TARGET_NAME)";
			};
			name = Release;
		};
/* End XCBuildConfiguration section */

/* Begin XCConfigurationList section */
		D07A2BD91B504E580033267D /* Build configuration list for PBXProject "LikelihoodAnalysis" */ = {
			isa = XCConfigurationList;
			buildConfigurations = (
				D07A2BE31B504E580033267D /* Debug */,
				D07A2BE41B504E580033267D /* Release */,
			);
			defaultConfigurationIsVisible = 0;
			defaultConfigurationName = Release;
		};
		D07A2BE51B504E580033267D /* Build configuration list for PBXNativeTarget "LikelihoodAnalysis" */ = {
			isa = XCConfigurationList;
			buildConfigurations = (
				D07A2BE61B504E580033267D /* Debug */,
				D07A2BE71B504E580033267D /* Release */,
			);
			defaultConfigurationIsVisible = 0;
			defaultConfigurationName = Release;
		};
		D07A2BEF1B504EED0033267D /* Build configuration list for PBXLegacyTarget "StartROOT" */ = {
			isa = XCConfigurationList;
			buildConfigurations = (
				D07A2BF01B504EED0033267D /* Debug */,
				D07A2BF11B504EED0033267D /* Release */,
			);
			defaultConfigurationIsVisible = 0;
			defaultConfigurationName = Release;
		};
/* End XCConfigurationList section */
	};
	rootObject = D07A2BD61B504E580033267D /* Project object */;
}
